
Microsoft Visual Studio Solution File, Format Version 12.00
# Visual Studio Version 16
VisualStudioVersion = 16.0.28803.352
MinimumVisualStudioVersion = 10.0.40219.1
Project("{FAE04EC0-301F-11D3-BF4B-00C04F79EFBC}") = "DocriderParser", "DocriderParser.csproj", "{C3446311-D280-44C7-93DA-E3FA0197C27C}"
EndProject
Global
	GlobalSection(SolutionConfigurationPlatforms) = preSolution
		Debug|Any CPU = Debug|Any CPU
		Release|Any CPU = Release|Any CPU
	EndGlobalSection
	GlobalSection(ProjectConfigurationPlatforms) = postSolution
		{C3446311-D280-44C7-93DA-E3FA0197C27C}.Debug|Any CPU.ActiveCfg = Debug|Any CPU
		{C3446311-D280-44C7-93DA-E3FA0197C27C}.Debug|Any CPU.Build.0 = Debug|Any CPU
		{C3446311-D280-44C7-93DA-E3FA0197C27C}.Release|Any CPU.ActiveCfg = Release|Any CPU
		{C3446311-D280-44C7-93DA-E3FA0197C27C}.Release|Any CPU.Build.0 = Release|Any CPU
	EndGlobalSection
	GlobalSection(SolutionProperties) = preSolution
		HideSolutionNode = FALSE
	EndGlobalSection
	GlobalSection(ExtensibilityGlobals) = postSolution
		SolutionGuid = {12FFC2F2-BA8E-43BB-9C26-CB672A562CE3}
	EndGlobalSection
EndGlobal
